{
  "version": 4,
  "terraform_version": "0.15.1",
  "serial": 13,
  "lineage": "42e7394e-659b-c274-5066-3b5b3995f321",
  "outputs": {},
  "resources": [
    {
      "mode": "data",
      "type": "local_file",
      "name": "policy_file",
      "provider": "provider[\"registry.terraform.io/hashicorp/local\"]",
      "instances": [
        {
          "schema_version": 0,
          "attributes": {
            "content": "{\r\n    \"Version\": \"2012-10-17\",\r\n    \"Statement\": [\r\n        {\r\n            \"Effect\": \"Allow\",\r\n            \"Action\": \"s3:*\",\r\n            \"Resource\": \"*\"\r\n        }\r\n    ]\r\n}",
            "content_base64": "ew0KICAgICJWZXJzaW9uIjogIjIwMTItMTAtMTciLA0KICAgICJTdGF0ZW1lbnQiOiBbDQogICAgICAgIHsNCiAgICAgICAgICAgICJFZmZlY3QiOiAiQWxsb3ciLA0KICAgICAgICAgICAgIkFjdGlvbiI6ICJzMzoqIiwNCiAgICAgICAgICAgICJSZXNvdXJjZSI6ICIqIg0KICAgICAgICB9DQogICAgXQ0KfQ==",
            "filename": "files/iam-role-policy.json",
            "id": "173e4a62772288936b2194ea2efc37e6570a685c"
          },
          "sensitive_attributes": []
        }
      ]
    },
    {
      "mode": "data",
      "type": "local_file",
      "name": "user_data_file",
      "provider": "provider[\"registry.terraform.io/hashicorp/local\"]",
      "instances": [
        {
          "schema_version": 0,
          "attributes": {
            "content": "#!/bin/bash\n\nyum install httpd -y\nsystemctl start httpd\nsystemctl enable httpd",
            "content_base64": "IyEvYmluL2Jhc2gKCnl1bSBpbnN0YWxsIGh0dHBkIC15CnN5c3RlbWN0bCBzdGFydCBodHRwZApzeXN0ZW1jdGwgZW5hYmxlIGh0dHBk",
            "filename": "files/script-user.sh",
            "id": "976ee54ae8d6f71ad88e53f22f8bb967c88f188b"
          },
          "sensitive_attributes": []
        }
      ]
    },
    {
      "module": "module.ec2",
      "mode": "data",
      "type": "aws_subnet_ids",
      "name": "subnets",
      "provider": "provider[\"registry.terraform.io/hashicorp/aws\"]",
      "instances": [
        {
          "schema_version": 0,
          "attributes": {
            "filter": null,
            "id": "vpc-7ad40f07",
            "ids": [
              "subnet-01e04c86bc31755a4",
              "subnet-0f41c891a9c6c7d40"
            ],
            "tags": null,
            "vpc_id": "vpc-7ad40f07"
          },
          "sensitive_attributes": []
        }
      ]
    },
    {
      "module": "module.ec2",
      "mode": "data",
      "type": "aws_vpc",
      "name": "default",
      "provider": "provider[\"registry.terraform.io/hashicorp/aws\"]",
      "instances": [
        {
          "schema_version": 0,
          "attributes": {
            "arn": "arn:aws:ec2:us-east-1:074121475450:vpc/vpc-7ad40f07",
            "cidr_block": "172.31.0.0/16",
            "cidr_block_associations": [
              {
                "association_id": "vpc-cidr-assoc-f3b5019c",
                "cidr_block": "172.31.0.0/16",
                "state": "associated"
              }
            ],
            "default": true,
            "dhcp_options_id": "dopt-1b064261",
            "enable_dns_hostnames": true,
            "enable_dns_support": true,
            "filter": [
              {
                "name": "isDefault",
                "values": [
                  "true"
                ]
              }
            ],
            "id": "vpc-7ad40f07",
            "instance_tenancy": "default",
            "ipv6_association_id": null,
            "ipv6_cidr_block": null,
            "main_route_table_id": "rtb-af4563d1",
            "owner_id": "074121475450",
            "state": "available",
            "tags": {}
          },
          "sensitive_attributes": []
        }
      ]
    },
    {
      "module": "module.ec2",
      "mode": "managed",
      "type": "aws_iam_instance_profile",
      "name": "instance_profile",
      "provider": "provider[\"registry.terraform.io/hashicorp/aws\"]",
      "instances": [
        {
          "schema_version": 0,
          "attributes": {
            "arn": "arn:aws:iam::074121475450:instance-profile/EC2CustomRoleInstanceProfile",
            "create_date": "2021-07-06T19:49:29Z",
            "id": "EC2CustomRoleInstanceProfile",
            "name": "EC2CustomRoleInstanceProfile",
            "name_prefix": null,
            "path": "/",
            "role": "EC2CustomRole",
            "tags": null,
            "tags_all": {},
            "unique_id": "AIPARCQP36V5CT23CTPJV"
          },
          "sensitive_attributes": [],
          "private": "bnVsbA=="
        }
      ]
    },
    {
      "module": "module.ec2",
      "mode": "managed",
      "type": "aws_iam_role",
      "name": "test_role",
      "provider": "provider[\"registry.terraform.io/hashicorp/aws\"]",
      "instances": [
        {
          "schema_version": 0,
          "attributes": {
            "arn": "arn:aws:iam::074121475450:role/EC2CustomRole",
            "assume_role_policy": "{\"Version\":\"2012-10-17\",\"Statement\":[{\"Sid\":\"\",\"Effect\":\"Allow\",\"Principal\":{\"Service\":\"ec2.amazonaws.com\"},\"Action\":\"sts:AssumeRole\"}]}",
            "create_date": "2021-07-06T19:49:32Z",
            "description": "",
            "force_detach_policies": false,
            "id": "EC2CustomRole",
            "inline_policy": [
              {
                "name": "EC2CustomRolePolicy",
                "policy": "{\r\n    \"Version\": \"2012-10-17\",\r\n    \"Statement\": [\r\n        {\r\n            \"Effect\": \"Allow\",\r\n            \"Action\": \"s3:*\",\r\n            \"Resource\": \"*\"\r\n        }\r\n    ]\r\n}"
              }
            ],
            "managed_policy_arns": [],
            "max_session_duration": 3600,
            "name": "EC2CustomRole",
            "name_prefix": null,
            "path": "/",
            "permissions_boundary": null,
            "tags": null,
            "tags_all": {},
            "unique_id": "AROARCQP36V5FASTRPBZM"
          },
          "sensitive_attributes": [],
          "private": "bnVsbA==",
          "dependencies": [
            "data.local_file.policy_file"
          ]
        }
      ]
    },
    {
      "module": "module.ec2",
      "mode": "managed",
      "type": "aws_instance",
      "name": "nginx_ec2",
      "provider": "provider[\"registry.terraform.io/hashicorp/aws\"]",
      "instances": [
        {
          "schema_version": 1,
          "attributes": {
            "ami": "ami-005e284ecef49125a",
            "arn": "arn:aws:ec2:us-east-1:074121475450:instance/i-08cc7f59d6e80d352",
            "associate_public_ip_address": true,
            "availability_zone": "us-east-1a",
            "capacity_reservation_specification": [
              {
                "capacity_reservation_preference": "open",
                "capacity_reservation_target": []
              }
            ],
            "cpu_core_count": 1,
            "cpu_threads_per_core": 1,
            "credit_specification": [
              {
                "cpu_credits": "standard"
              }
            ],
            "disable_api_termination": false,
            "ebs_block_device": [],
            "ebs_optimized": false,
            "enclave_options": [
              {
                "enabled": false
              }
            ],
            "ephemeral_block_device": [],
            "get_password_data": false,
            "hibernation": false,
            "host_id": null,
            "iam_instance_profile": "EC2CustomRoleInstanceProfile",
            "id": "i-08cc7f59d6e80d352",
            "instance_initiated_shutdown_behavior": "stop",
            "instance_state": "running",
            "instance_type": "t2.micro",
            "ipv6_address_count": 0,
            "ipv6_addresses": [],
            "key_name": "",
            "metadata_options": [
              {
                "http_endpoint": "enabled",
                "http_put_response_hop_limit": 1,
                "http_tokens": "optional"
              }
            ],
            "monitoring": false,
            "network_interface": [],
            "outpost_arn": "",
            "password_data": "",
            "placement_group": "",
            "primary_network_interface_id": "eni-0c40c6d3192fa6911",
            "private_dns": "ip-172-31-1-205.ec2.internal",
            "private_ip": "172.31.1.205",
            "public_dns": "ec2-3-89-110-173.compute-1.amazonaws.com",
            "public_ip": "3.89.110.173",
            "root_block_device": [
              {
                "delete_on_termination": true,
                "device_name": "/dev/xvda",
                "encrypted": false,
                "iops": 100,
                "kms_key_id": "",
                "tags": {},
                "throughput": 0,
                "volume_id": "vol-07f863ce2a6def20c",
                "volume_size": 8,
                "volume_type": "gp2"
              }
            ],
            "secondary_private_ips": [],
            "security_groups": [
              "sg-097ea4986f0717a50"
            ],
            "source_dest_check": true,
            "subnet_id": "subnet-0f41c891a9c6c7d40",
            "tags": {
              "Environment": "Nginx-Web",
              "Name": "Nginx-ec2"
            },
            "tags_all": {
              "Environment": "Nginx-Web",
              "Name": "Nginx-ec2"
            },
            "tenancy": "default",
            "timeouts": null,
            "user_data": "976ee54ae8d6f71ad88e53f22f8bb967c88f188b",
            "user_data_base64": null,
            "volume_tags": null,
            "vpc_security_group_ids": [
              "sg-097ea4986f0717a50"
            ]
          },
          "sensitive_attributes": [],
          "private": "eyJlMmJmYjczMC1lY2FhLTExZTYtOGY4OC0zNDM2M2JjN2M0YzAiOnsiY3JlYXRlIjo2MDAwMDAwMDAwMDAsImRlbGV0ZSI6MTIwMDAwMDAwMDAwMCwidXBkYXRlIjo2MDAwMDAwMDAwMDB9LCJzY2hlbWFfdmVyc2lvbiI6IjEifQ==",
          "dependencies": [
            "data.local_file.user_data_file",
            "module.ec2.aws_iam_instance_profile.instance_profile",
            "module.ec2.aws_security_group.sg_nginx"
          ]
        }
      ]
    },
    {
      "module": "module.ec2",
      "mode": "managed",
      "type": "aws_security_group",
      "name": "sg_nginx",
      "provider": "provider[\"registry.terraform.io/hashicorp/aws\"]",
      "instances": [
        {
          "schema_version": 1,
          "attributes": {
            "arn": "arn:aws:ec2:us-east-1:074121475450:security-group/sg-097ea4986f0717a50",
            "description": "Managed by Terraform",
            "egress": [
              {
                "cidr_blocks": [
                  "0.0.0.0/0"
                ],
                "description": "",
                "from_port": 0,
                "ipv6_cidr_blocks": [],
                "prefix_list_ids": [],
                "protocol": "-1",
                "security_groups": [],
                "self": false,
                "to_port": 0
              }
            ],
            "id": "sg-097ea4986f0717a50",
            "ingress": [
              {
                "cidr_blocks": [
                  "0.0.0.0/0"
                ],
                "description": "",
                "from_port": 80,
                "ipv6_cidr_blocks": [],
                "prefix_list_ids": [],
                "protocol": "tcp",
                "security_groups": [],
                "self": false,
                "to_port": 80
              }
            ],
            "name": "sg_nginx",
            "name_prefix": "",
            "owner_id": "074121475450",
            "revoke_rules_on_delete": false,
            "tags": {
              "Environment": "Nginx-Web",
              "Name": "sg_nginx"
            },
            "tags_all": {
              "Environment": "Nginx-Web",
              "Name": "sg_nginx"
            },
            "timeouts": null,
            "vpc_id": "vpc-7ad40f07"
          },
          "sensitive_attributes": [],
          "private": "eyJlMmJmYjczMC1lY2FhLTExZTYtOGY4OC0zNDM2M2JjN2M0YzAiOnsiY3JlYXRlIjo2MDAwMDAwMDAwMDAsImRlbGV0ZSI6OTAwMDAwMDAwMDAwfSwic2NoZW1hX3ZlcnNpb24iOiIxIn0="
        }
      ]
    }
  ]
}
